
Microsoft Visual Studio Solution File, Format Version 12.00
# Visual Studio 14
VisualStudioVersion = 14.0.25420.1
MinimumVisualStudioVersion = 10.0.40219.1
Project("{FAE04EC0-301F-11D3-BF4B-00C04F79EFBC}") = "B18_Ex05_1", "B18_Ex05_1\B18_Ex05_1.csproj", "{41050AD8-7E7D-4FC8-AC7A-916EF807839A}"
EndProject
Project("{2150E333-8FDC-42A3-9474-1A3956D46DE8}") = "Solution Items", "Solution Items", "{9BBAB910-F6F9-43B9-ABE4-E5E338696718}"
	ProjectSection(SolutionItems) = preProject
		Exercise Checking Report.txt = Exercise Checking Report.txt
	EndProjectSection
EndProject
Project("{FAE04EC0-301F-11D3-BF4B-00C04F79EFBC}") = "B18_Ex02_1", "B18_Ex02_1\B18_Ex02_1.csproj", "{5C16BC0E-0814-492F-881D-C8CBB4BE2DA8}"
EndProject
Global
	GlobalSection(SolutionConfigurationPlatforms) = preSolution
		Debug|Any CPU = Debug|Any CPU
		Release|Any CPU = Release|Any CPU
	EndGlobalSection
	GlobalSection(ProjectConfigurationPlatforms) = postSolution
		{41050AD8-7E7D-4FC8-AC7A-916EF807839A}.Debug|Any CPU.ActiveCfg = Debug|Any CPU
		{41050AD8-7E7D-4FC8-AC7A-916EF807839A}.Debug|Any CPU.Build.0 = Debug|Any CPU
		{41050AD8-7E7D-4FC8-AC7A-916EF807839A}.Release|Any CPU.ActiveCfg = Release|Any CPU
		{41050AD8-7E7D-4FC8-AC7A-916EF807839A}.Release|Any CPU.Build.0 = Release|Any CPU
		{5C16BC0E-0814-492F-881D-C8CBB4BE2DA8}.Debug|Any CPU.ActiveCfg = Debug|Any CPU
		{5C16BC0E-0814-492F-881D-C8CBB4BE2DA8}.Debug|Any CPU.Build.0 = Debug|Any CPU
		{5C16BC0E-0814-492F-881D-C8CBB4BE2DA8}.Release|Any CPU.ActiveCfg = Release|Any CPU
		{5C16BC0E-0814-492F-881D-C8CBB4BE2DA8}.Release|Any CPU.Build.0 = Release|Any CPU
	EndGlobalSection
	GlobalSection(SolutionProperties) = preSolution
		HideSolutionNode = FALSE
	EndGlobalSection
	GlobalSection(ExtensibilityGlobals) = postSolution
		SolutionGuid = {E6B05E52-DBF1-4BE3-BE74-93F4B6EE8325}
	EndGlobalSection
EndGlobal
